lockVersion: 2.0.0
id: a162a3d3-f7ae-4b54-a83e-5eeaa086b6a3
management:
  docChecksum: 0f1a105489b43417f5ab6cd2c8614d36
  docVersion: 2.0.0
  speakeasyVersion: 1.207.1
  generationVersion: 2.280.6
  releaseVersion: 4.3.1
  configChecksum: 6a4c3d7b6287b3f399b459e8b7bfe48c
  repoURL: https://github.com/speakeasy-sdks/openai-go-sdk.git
  repoSubDirectory: .
  installationURL: https://github.com/speakeasy-sdks/openai-go-sdk
  published: true
features:
  go:
    constsAndDefaults: 0.1.4
    core: 3.4.4
    deprecations: 2.81.1
    downloadStreams: 0.1.1
    flattening: 2.81.1
    globalSecurity: 2.82.8
    globalServerURLs: 2.82.2
    responseFormat: 0.1.0
    unions: 2.85.4
generatedFiles:
  - assistants.go
  - audio.go
  - chat.go
  - completions.go
  - embeddings.go
  - files.go
  - finetuning.go
  - images.go
  - models.go
  - moderations.go
  - gpt.go
  - go.mod
  - pkg/models/sdkerrors/sdkerror.go
  - pkg/types/bigint.go
  - pkg/types/date.go
  - pkg/types/datetime.go
  - pkg/types/decimal.go
  - pkg/types/pointers.go
  - pkg/utils/contenttype.go
  - pkg/utils/form.go
  - pkg/utils/headers.go
  - pkg/utils/json.go
  - pkg/utils/pathparams.go
  - pkg/utils/queryparams.go
  - pkg/utils/requestbody.go
  - pkg/utils/retries.go
  - pkg/utils/security.go
  - pkg/utils/utils.go
  - /pkg/models/operations/cancelrun.go
  - /pkg/models/operations/createassistant.go
  - /pkg/models/operations/createassistantfile.go
  - /pkg/models/operations/createmessage.go
  - /pkg/models/operations/createrun.go
  - /pkg/models/operations/createthread.go
  - /pkg/models/operations/createthreadandrun.go
  - /pkg/models/operations/deleteassistant.go
  - /pkg/models/operations/deleteassistantfile.go
  - /pkg/models/operations/deletethread.go
  - /pkg/models/operations/getassistant.go
  - /pkg/models/operations/getassistantfile.go
  - /pkg/models/operations/getmessage.go
  - /pkg/models/operations/getmessagefile.go
  - /pkg/models/operations/getrun.go
  - /pkg/models/operations/getrunstep.go
  - /pkg/models/operations/getthread.go
  - /pkg/models/operations/listassistantfiles.go
  - /pkg/models/operations/listassistants.go
  - /pkg/models/operations/listmessagefiles.go
  - /pkg/models/operations/listmessages.go
  - /pkg/models/operations/listrunsteps.go
  - /pkg/models/operations/listruns.go
  - /pkg/models/operations/modifyassistant.go
  - /pkg/models/operations/modifymessage.go
  - /pkg/models/operations/modifyrun.go
  - /pkg/models/operations/modifythread.go
  - /pkg/models/operations/submittoolouputstorun.go
  - /pkg/models/operations/createspeech.go
  - /pkg/models/operations/createtranscription.go
  - /pkg/models/operations/createtranslation.go
  - /pkg/models/operations/createchatcompletion.go
  - /pkg/models/operations/createcompletion.go
  - /pkg/models/operations/createembedding.go
  - /pkg/models/operations/createfile.go
  - /pkg/models/operations/deletefile.go
  - /pkg/models/operations/downloadfile.go
  - /pkg/models/operations/listfiles.go
  - /pkg/models/operations/retrievefile.go
  - /pkg/models/operations/cancelfinetuningjob.go
  - /pkg/models/operations/createfinetuningjob.go
  - /pkg/models/operations/listfinetuningevents.go
  - /pkg/models/operations/listpaginatedfinetuningjobs.go
  - /pkg/models/operations/retrievefinetuningjob.go
  - /pkg/models/operations/createimage.go
  - /pkg/models/operations/createimageedit.go
  - /pkg/models/operations/createimagevariation.go
  - /pkg/models/operations/deletemodel.go
  - /pkg/models/operations/listmodels.go
  - /pkg/models/operations/retrievemodel.go
  - /pkg/models/operations/createmoderation.go
  - /pkg/models/shared/runobject.go
  - /pkg/models/shared/runcompletionusage.go
  - /pkg/models/shared/assistanttoolscode.go
  - /pkg/models/shared/assistanttoolsretrieval.go
  - /pkg/models/shared/assistanttoolsfunction.go
  - /pkg/models/shared/functionobject.go
  - /pkg/models/shared/runtoolcallobject.go
  - /pkg/models/shared/assistantobject.go
  - /pkg/models/shared/createassistantrequest.go
  - /pkg/models/shared/assistantfileobject.go
  - /pkg/models/shared/createassistantfilerequest.go
  - /pkg/models/shared/messageobject.go
  - /pkg/models/shared/messagecontentimagefileobject.go
  - /pkg/models/shared/messagecontenttextobject.go
  - /pkg/models/shared/messagecontenttextannotationsfilecitationobject.go
  - /pkg/models/shared/messagecontenttextannotationsfilepathobject.go
  - /pkg/models/shared/createmessagerequest.go
  - /pkg/models/shared/createrunrequest.go
  - /pkg/models/shared/threadobject.go
  - /pkg/models/shared/createthreadrequest.go
  - /pkg/models/shared/createthreadandrunrequest.go
  - /pkg/models/shared/deleteassistantresponse.go
  - /pkg/models/shared/deleteassistantfileresponse.go
  - /pkg/models/shared/deletethreadresponse.go
  - /pkg/models/shared/messagefileobject.go
  - /pkg/models/shared/runstepobject.go
  - /pkg/models/shared/runstepcompletionusage.go
  - /pkg/models/shared/runstepdetailsmessagecreationobject.go
  - /pkg/models/shared/runstepdetailstoolcallsobject.go
  - /pkg/models/shared/runstepdetailstoolcallscodeobject.go
  - /pkg/models/shared/runstepdetailstoolcallscodeoutputlogsobject.go
  - /pkg/models/shared/runstepdetailstoolcallscodeoutputimageobject.go
  - /pkg/models/shared/runstepdetailstoolcallsretrievalobject.go
  - /pkg/models/shared/runstepdetailstoolcallsfunctionobject.go
  - /pkg/models/shared/listassistantfilesresponse.go
  - /pkg/models/shared/listassistantsresponse.go
  - /pkg/models/shared/listmessagefilesresponse.go
  - /pkg/models/shared/listmessagesresponse.go
  - /pkg/models/shared/listrunstepsresponse.go
  - /pkg/models/shared/listrunsresponse.go
  - /pkg/models/shared/modifyassistantrequest.go
  - /pkg/models/shared/modifymessagerequest.go
  - /pkg/models/shared/modifyrunrequest.go
  - /pkg/models/shared/modifythreadrequest.go
  - /pkg/models/shared/submittooloutputsrunrequest.go
  - /pkg/models/shared/createspeechrequest.go
  - /pkg/models/shared/createtranscriptionresponsejson.go
  - /pkg/models/shared/createtranscriptionresponseverbosejson.go
  - /pkg/models/shared/transcriptionword.go
  - /pkg/models/shared/transcriptionsegment.go
  - /pkg/models/shared/createtranscriptionrequest.go
  - /pkg/models/shared/createtranslationresponsejson.go
  - /pkg/models/shared/createtranslationresponseverbosejson.go
  - /pkg/models/shared/createtranslationrequest.go
  - /pkg/models/shared/createchatcompletionresponse.go
  - /pkg/models/shared/completionusage.go
  - /pkg/models/shared/chatcompletionresponsemessage.go
  - /pkg/models/shared/chatcompletionmessagetoolcall.go
  - /pkg/models/shared/chatcompletiontokenlogprob.go
  - /pkg/models/shared/createchatcompletionrequest.go
  - /pkg/models/shared/chatcompletiontool.go
  - /pkg/models/shared/chatcompletiontoolchoiceoption.go
  - /pkg/models/shared/chatcompletionnamedtoolchoice.go
  - /pkg/models/shared/chatcompletionrequestmessage.go
  - /pkg/models/shared/chatcompletionrequestsystemmessage.go
  - /pkg/models/shared/chatcompletionrequestusermessage.go
  - /pkg/models/shared/chatcompletionrequestmessagecontentpart.go
  - /pkg/models/shared/chatcompletionrequestmessagecontentparttext.go
  - /pkg/models/shared/chatcompletionrequestmessagecontentpartimage.go
  - /pkg/models/shared/chatcompletionrequestassistantmessage.go
  - /pkg/models/shared/chatcompletionrequesttoolmessage.go
  - /pkg/models/shared/chatcompletionrequestfunctionmessage.go
  - /pkg/models/shared/chatcompletionfunctions.go
  - /pkg/models/shared/chatcompletionfunctioncalloption.go
  - /pkg/models/shared/createcompletionresponse.go
  - /pkg/models/shared/createcompletionrequest.go
  - /pkg/models/shared/createembeddingresponse.go
  - /pkg/models/shared/embedding.go
  - /pkg/models/shared/createembeddingrequest.go
  - /pkg/models/shared/openaifile.go
  - /pkg/models/shared/createfilerequest.go
  - /pkg/models/shared/deletefileresponse.go
  - /pkg/models/shared/listfilesresponse.go
  - /pkg/models/shared/finetuningjob.go
  - /pkg/models/shared/createfinetuningjobrequest.go
  - /pkg/models/shared/listfinetuningjobeventsresponse.go
  - /pkg/models/shared/finetuningjobevent.go
  - /pkg/models/shared/listpaginatedfinetuningjobsresponse.go
  - /pkg/models/shared/imagesresponse.go
  - /pkg/models/shared/image.go
  - /pkg/models/shared/createimagerequest.go
  - /pkg/models/shared/createimageeditrequest.go
  - /pkg/models/shared/createimagevariationrequest.go
  - /pkg/models/shared/deletemodelresponse.go
  - /pkg/models/shared/listmodelsresponse.go
  - /pkg/models/shared/model.go
  - /pkg/models/shared/createmoderationresponse.go
  - /pkg/models/shared/createmoderationrequest.go
  - /pkg/models/shared/security.go
  - docs/pkg/models/operations/cancelrunrequest.md
  - docs/pkg/models/operations/cancelrunresponse.md
  - docs/pkg/models/operations/createassistantresponse.md
  - docs/pkg/models/operations/createassistantfilerequest.md
  - docs/pkg/models/operations/createassistantfileresponse.md
  - docs/pkg/models/operations/createmessagerequest.md
  - docs/pkg/models/operations/createmessageresponse.md
  - docs/pkg/models/operations/createrunrequest.md
  - docs/pkg/models/operations/createrunresponse.md
  - docs/pkg/models/operations/createthreadresponse.md
  - docs/pkg/models/operations/createthreadandrunresponse.md
  - docs/pkg/models/operations/deleteassistantrequest.md
  - docs/pkg/models/operations/deleteassistantresponse.md
  - docs/pkg/models/operations/deleteassistantfilerequest.md
  - docs/pkg/models/operations/deleteassistantfileresponse.md
  - docs/pkg/models/operations/deletethreadrequest.md
  - docs/pkg/models/operations/deletethreadresponse.md
  - docs/pkg/models/operations/getassistantrequest.md
  - docs/pkg/models/operations/getassistantresponse.md
  - docs/pkg/models/operations/getassistantfilerequest.md
  - docs/pkg/models/operations/getassistantfileresponse.md
  - docs/pkg/models/operations/getmessagerequest.md
  - docs/pkg/models/operations/getmessageresponse.md
  - docs/pkg/models/operations/getmessagefilerequest.md
  - docs/pkg/models/operations/getmessagefileresponse.md
  - docs/pkg/models/operations/getrunrequest.md
  - docs/pkg/models/operations/getrunresponse.md
  - docs/pkg/models/operations/getrunsteprequest.md
  - docs/pkg/models/operations/getrunstepresponse.md
  - docs/pkg/models/operations/getthreadrequest.md
  - docs/pkg/models/operations/getthreadresponse.md
  - docs/pkg/models/operations/order.md
  - docs/pkg/models/operations/listassistantfilesrequest.md
  - docs/pkg/models/operations/listassistantfilesresponse.md
  - docs/pkg/models/operations/queryparamorder.md
  - docs/pkg/models/operations/listassistantsrequest.md
  - docs/pkg/models/operations/listassistantsresponse.md
  - docs/pkg/models/operations/listmessagefilesqueryparamorder.md
  - docs/pkg/models/operations/listmessagefilesrequest.md
  - docs/pkg/models/operations/listmessagefilesresponse.md
  - docs/pkg/models/operations/listmessagesqueryparamorder.md
  - docs/pkg/models/operations/listmessagesrequest.md
  - docs/pkg/models/operations/listmessagesresponse.md
  - docs/pkg/models/operations/listrunstepsqueryparamorder.md
  - docs/pkg/models/operations/listrunstepsrequest.md
  - docs/pkg/models/operations/listrunstepsresponse.md
  - docs/pkg/models/operations/listrunsqueryparamorder.md
  - docs/pkg/models/operations/listrunsrequest.md
  - docs/pkg/models/operations/listrunsresponse.md
  - docs/pkg/models/operations/modifyassistantrequest.md
  - docs/pkg/models/operations/modifyassistantresponse.md
  - docs/pkg/models/operations/modifymessagerequest.md
  - docs/pkg/models/operations/modifymessageresponse.md
  - docs/pkg/models/operations/modifyrunrequest.md
  - docs/pkg/models/operations/modifyrunresponse.md
  - docs/pkg/models/operations/modifythreadrequest.md
  - docs/pkg/models/operations/modifythreadresponse.md
  - docs/pkg/models/operations/submittoolouputstorunrequest.md
  - docs/pkg/models/operations/submittoolouputstorunresponse.md
  - docs/pkg/models/operations/createspeechresponse.md
  - docs/pkg/models/operations/createtranscriptionresponsebody.md
  - docs/pkg/models/operations/createtranscriptionresponse.md
  - docs/pkg/models/operations/createtranslationresponsebody.md
  - docs/pkg/models/operations/createtranslationresponse.md
  - docs/pkg/models/operations/createchatcompletionresponse.md
  - docs/pkg/models/operations/createcompletionresponse.md
  - docs/pkg/models/operations/createembeddingresponse.md
  - docs/pkg/models/operations/createfileresponse.md
  - docs/pkg/models/operations/deletefilerequest.md
  - docs/pkg/models/operations/deletefileresponse.md
  - docs/pkg/models/operations/downloadfilerequest.md
  - docs/pkg/models/operations/downloadfileresponse.md
  - docs/pkg/models/operations/listfilesrequest.md
  - docs/pkg/models/operations/listfilesresponse.md
  - docs/pkg/models/operations/retrievefilerequest.md
  - docs/pkg/models/operations/retrievefileresponse.md
  - docs/pkg/models/operations/cancelfinetuningjobrequest.md
  - docs/pkg/models/operations/cancelfinetuningjobresponse.md
  - docs/pkg/models/operations/createfinetuningjobresponse.md
  - docs/pkg/models/operations/listfinetuningeventsrequest.md
  - docs/pkg/models/operations/listfinetuningeventsresponse.md
  - docs/pkg/models/operations/listpaginatedfinetuningjobsrequest.md
  - docs/pkg/models/operations/listpaginatedfinetuningjobsresponse.md
  - docs/pkg/models/operations/retrievefinetuningjobrequest.md
  - docs/pkg/models/operations/retrievefinetuningjobresponse.md
  - docs/pkg/models/operations/createimageresponse.md
  - docs/pkg/models/operations/createimageeditresponse.md
  - docs/pkg/models/operations/createimagevariationresponse.md
  - docs/pkg/models/operations/deletemodelrequest.md
  - docs/pkg/models/operations/deletemodelresponse.md
  - docs/pkg/models/operations/listmodelsresponse.md
  - docs/pkg/models/operations/retrievemodelrequest.md
  - docs/pkg/models/operations/retrievemodelresponse.md
  - docs/pkg/models/operations/createmoderationresponse.md
  - docs/pkg/models/shared/code.md
  - docs/pkg/models/shared/lasterror.md
  - docs/pkg/models/shared/runobjectmetadata.md
  - docs/pkg/models/shared/runobjectobject.md
  - docs/pkg/models/shared/submittooloutputs.md
  - docs/pkg/models/shared/runobjecttype.md
  - docs/pkg/models/shared/requiredaction.md
  - docs/pkg/models/shared/runobjectstatus.md
  - docs/pkg/models/shared/runobjecttools.md
  - docs/pkg/models/shared/runobject.md
  - docs/pkg/models/shared/runcompletionusage.md
  - docs/pkg/models/shared/type.md
  - docs/pkg/models/shared/assistanttoolscode.md
  - docs/pkg/models/shared/assistanttoolsretrievaltype.md
  - docs/pkg/models/shared/assistanttoolsretrieval.md
  - docs/pkg/models/shared/assistanttoolsfunctiontype.md
  - docs/pkg/models/shared/assistanttoolsfunction.md
  - docs/pkg/models/shared/functionobject.md
  - docs/pkg/models/shared/runtoolcallobjectfunction.md
  - docs/pkg/models/shared/runtoolcallobjecttype.md
  - docs/pkg/models/shared/runtoolcallobject.md
  - docs/pkg/models/shared/metadata.md
  - docs/pkg/models/shared/assistantobjectobject.md
  - docs/pkg/models/shared/tools.md
  - docs/pkg/models/shared/assistantobject.md
  - docs/pkg/models/shared/createassistantrequestmetadata.md
  - docs/pkg/models/shared/createassistantrequesttools.md
  - docs/pkg/models/shared/createassistantrequest.md
  - docs/pkg/models/shared/object.md
  - docs/pkg/models/shared/assistantfileobject.md
  - docs/pkg/models/shared/createassistantfilerequest.md
  - docs/pkg/models/shared/messageobjectcontent.md
  - docs/pkg/models/shared/messageobjectmetadata.md
  - docs/pkg/models/shared/messageobjectobject.md
  - docs/pkg/models/shared/messageobjectrole.md
  - docs/pkg/models/shared/messageobject.md
  - docs/pkg/models/shared/imagefile.md
  - docs/pkg/models/shared/messagecontentimagefileobjecttype.md
  - docs/pkg/models/shared/messagecontentimagefileobject.md
  - docs/pkg/models/shared/annotations.md
  - docs/pkg/models/shared/text.md
  - docs/pkg/models/shared/messagecontenttextobjecttype.md
  - docs/pkg/models/shared/messagecontenttextobject.md
  - docs/pkg/models/shared/filecitation.md
  - docs/pkg/models/shared/messagecontenttextannotationsfilecitationobjecttype.md
  - docs/pkg/models/shared/messagecontenttextannotationsfilecitationobject.md
  - docs/pkg/models/shared/filepath.md
  - docs/pkg/models/shared/messagecontenttextannotationsfilepathobjecttype.md
  - docs/pkg/models/shared/messagecontenttextannotationsfilepathobject.md
  - docs/pkg/models/shared/createmessagerequestmetadata.md
  - docs/pkg/models/shared/createmessagerequestrole.md
  - docs/pkg/models/shared/createmessagerequest.md
  - docs/pkg/models/shared/createrunrequestmetadata.md
  - docs/pkg/models/shared/createrunrequesttools.md
  - docs/pkg/models/shared/createrunrequest.md
  - docs/pkg/models/shared/threadobjectmetadata.md
  - docs/pkg/models/shared/threadobjectobject.md
  - docs/pkg/models/shared/threadobject.md
  - docs/pkg/models/shared/createthreadrequestmetadata.md
  - docs/pkg/models/shared/createthreadrequest.md
  - docs/pkg/models/shared/createthreadandrunrequestmetadata.md
  - docs/pkg/models/shared/createthreadandrunrequesttools.md
  - docs/pkg/models/shared/createthreadandrunrequest.md
  - docs/pkg/models/shared/deleteassistantresponseobject.md
  - docs/pkg/models/shared/deleteassistantresponse.md
  - docs/pkg/models/shared/deleteassistantfileresponseobject.md
  - docs/pkg/models/shared/deleteassistantfileresponse.md
  - docs/pkg/models/shared/deletethreadresponseobject.md
  - docs/pkg/models/shared/deletethreadresponse.md
  - docs/pkg/models/shared/messagefileobjectobject.md
  - docs/pkg/models/shared/messagefileobject.md
  - docs/pkg/models/shared/runstepobjectcode.md
  - docs/pkg/models/shared/runstepobjectlasterror.md
  - docs/pkg/models/shared/runstepobjectmetadata.md
  - docs/pkg/models/shared/runstepobjectobject.md
  - docs/pkg/models/shared/runstepobjectstatus.md
  - docs/pkg/models/shared/stepdetails.md
  - docs/pkg/models/shared/runstepobjecttype.md
  - docs/pkg/models/shared/runstepobject.md
  - docs/pkg/models/shared/runstepcompletionusage.md
  - docs/pkg/models/shared/messagecreation.md
  - docs/pkg/models/shared/runstepdetailsmessagecreationobjecttype.md
  - docs/pkg/models/shared/runstepdetailsmessagecreationobject.md
  - docs/pkg/models/shared/toolcalls.md
  - docs/pkg/models/shared/runstepdetailstoolcallsobjecttype.md
  - docs/pkg/models/shared/runstepdetailstoolcallsobject.md
  - docs/pkg/models/shared/outputs.md
  - docs/pkg/models/shared/codeinterpreter.md
  - docs/pkg/models/shared/runstepdetailstoolcallscodeobjecttype.md
  - docs/pkg/models/shared/runstepdetailstoolcallscodeobject.md
  - docs/pkg/models/shared/runstepdetailstoolcallscodeoutputlogsobjecttype.md
  - docs/pkg/models/shared/runstepdetailstoolcallscodeoutputlogsobject.md
  - docs/pkg/models/shared/runstepdetailstoolcallscodeoutputimageobjectimage.md
  - docs/pkg/models/shared/runstepdetailstoolcallscodeoutputimageobjecttype.md
  - docs/pkg/models/shared/runstepdetailstoolcallscodeoutputimageobject.md
  - docs/pkg/models/shared/retrieval.md
  - docs/pkg/models/shared/runstepdetailstoolcallsretrievalobjecttype.md
  - docs/pkg/models/shared/runstepdetailstoolcallsretrievalobject.md
  - docs/pkg/models/shared/runstepdetailstoolcallsfunctionobjectfunction.md
  - docs/pkg/models/shared/runstepdetailstoolcallsfunctionobjecttype.md
  - docs/pkg/models/shared/runstepdetailstoolcallsfunctionobject.md
  - docs/pkg/models/shared/listassistantfilesresponse.md
  - docs/pkg/models/shared/listassistantsresponse.md
  - docs/pkg/models/shared/listmessagefilesresponse.md
  - docs/pkg/models/shared/listmessagesresponse.md
  - docs/pkg/models/shared/listrunstepsresponse.md
  - docs/pkg/models/shared/listrunsresponse.md
  - docs/pkg/models/shared/modifyassistantrequestmetadata.md
  - docs/pkg/models/shared/modifyassistantrequesttools.md
  - docs/pkg/models/shared/modifyassistantrequest.md
  - docs/pkg/models/shared/modifymessagerequestmetadata.md
  - docs/pkg/models/shared/modifymessagerequest.md
  - docs/pkg/models/shared/modifyrunrequestmetadata.md
  - docs/pkg/models/shared/modifyrunrequest.md
  - docs/pkg/models/shared/modifythreadrequestmetadata.md
  - docs/pkg/models/shared/modifythreadrequest.md
  - docs/pkg/models/shared/tooloutputs.md
  - docs/pkg/models/shared/submittooloutputsrunrequest.md
  - docs/pkg/models/shared/createspeechrequest2.md
  - docs/pkg/models/shared/createspeechrequestmodel.md
  - docs/pkg/models/shared/createspeechrequestresponseformat.md
  - docs/pkg/models/shared/voice.md
  - docs/pkg/models/shared/createspeechrequest.md
  - docs/pkg/models/shared/createtranscriptionresponsejson.md
  - docs/pkg/models/shared/createtranscriptionresponseverbosejson.md
  - docs/pkg/models/shared/transcriptionword.md
  - docs/pkg/models/shared/transcriptionsegment.md
  - docs/pkg/models/shared/createtranscriptionrequestfile.md
  - docs/pkg/models/shared/createtranscriptionrequest2.md
  - docs/pkg/models/shared/createtranscriptionrequestmodel.md
  - docs/pkg/models/shared/createtranscriptionrequestresponseformat.md
  - docs/pkg/models/shared/timestampgranularities.md
  - docs/pkg/models/shared/createtranscriptionrequest.md
  - docs/pkg/models/shared/createtranslationresponsejson.md
  - docs/pkg/models/shared/createtranslationresponseverbosejson.md
  - docs/pkg/models/shared/createtranslationrequestfile.md
  - docs/pkg/models/shared/createtranslationrequest2.md
  - docs/pkg/models/shared/createtranslationrequestmodel.md
  - docs/pkg/models/shared/createtranslationrequest.md
  - docs/pkg/models/shared/finishreason.md
  - docs/pkg/models/shared/logprobs.md
  - docs/pkg/models/shared/choices.md
  - docs/pkg/models/shared/createchatcompletionresponseobject.md
  - docs/pkg/models/shared/createchatcompletionresponse.md
  - docs/pkg/models/shared/completionusage.md
  - docs/pkg/models/shared/chatcompletionresponsemessagefunctioncall.md
  - docs/pkg/models/shared/chatcompletionresponsemessagerole.md
  - docs/pkg/models/shared/chatcompletionresponsemessage.md
  - docs/pkg/models/shared/function.md
  - docs/pkg/models/shared/chatcompletionmessagetoolcalltype.md
  - docs/pkg/models/shared/chatcompletionmessagetoolcall.md
  - docs/pkg/models/shared/toplogprobs.md
  - docs/pkg/models/shared/chatcompletiontokenlogprob.md
  - docs/pkg/models/shared/createchatcompletionrequest1.md
  - docs/pkg/models/shared/createchatcompletionrequestfunctioncall.md
  - docs/pkg/models/shared/two.md
  - docs/pkg/models/shared/createchatcompletionrequestmodel.md
  - docs/pkg/models/shared/createchatcompletionrequesttype.md
  - docs/pkg/models/shared/responseformat.md
  - docs/pkg/models/shared/stop.md
  - docs/pkg/models/shared/createchatcompletionrequest.md
  - docs/pkg/models/shared/chatcompletiontooltype.md
  - docs/pkg/models/shared/chatcompletiontool.md
  - docs/pkg/models/shared/one.md
  - docs/pkg/models/shared/chatcompletiontoolchoiceoption.md
  - docs/pkg/models/shared/chatcompletionnamedtoolchoicefunction.md
  - docs/pkg/models/shared/chatcompletionnamedtoolchoicetype.md
  - docs/pkg/models/shared/chatcompletionnamedtoolchoice.md
  - docs/pkg/models/shared/chatcompletionrequestmessage.md
  - docs/pkg/models/shared/chatcompletionrequestsystemmessagerole.md
  - docs/pkg/models/shared/chatcompletionrequestsystemmessage.md
  - docs/pkg/models/shared/content.md
  - docs/pkg/models/shared/chatcompletionrequestusermessagerole.md
  - docs/pkg/models/shared/chatcompletionrequestusermessage.md
  - docs/pkg/models/shared/chatcompletionrequestmessagecontentpart.md
  - docs/pkg/models/shared/chatcompletionrequestmessagecontentparttexttype.md
  - docs/pkg/models/shared/chatcompletionrequestmessagecontentparttext.md
  - docs/pkg/models/shared/detail.md
  - docs/pkg/models/shared/imageurl.md
  - docs/pkg/models/shared/chatcompletionrequestmessagecontentpartimagetype.md
  - docs/pkg/models/shared/chatcompletionrequestmessagecontentpartimage.md
  - docs/pkg/models/shared/functioncall.md
  - docs/pkg/models/shared/role.md
  - docs/pkg/models/shared/chatcompletionrequestassistantmessage.md
  - docs/pkg/models/shared/chatcompletionrequesttoolmessagerole.md
  - docs/pkg/models/shared/chatcompletionrequesttoolmessage.md
  - docs/pkg/models/shared/chatcompletionrequestfunctionmessagerole.md
  - docs/pkg/models/shared/chatcompletionrequestfunctionmessage.md
  - docs/pkg/models/shared/chatcompletionfunctions.md
  - docs/pkg/models/shared/chatcompletionfunctioncalloption.md
  - docs/pkg/models/shared/createcompletionresponsefinishreason.md
  - docs/pkg/models/shared/createcompletionresponselogprobs.md
  - docs/pkg/models/shared/createcompletionresponsechoices.md
  - docs/pkg/models/shared/createcompletionresponseobject.md
  - docs/pkg/models/shared/createcompletionresponse.md
  - docs/pkg/models/shared/createcompletionrequest2.md
  - docs/pkg/models/shared/createcompletionrequestmodel.md
  - docs/pkg/models/shared/prompt.md
  - docs/pkg/models/shared/createcompletionrequeststop.md
  - docs/pkg/models/shared/createcompletionrequest.md
  - docs/pkg/models/shared/createembeddingresponseobject.md
  - docs/pkg/models/shared/usage.md
  - docs/pkg/models/shared/createembeddingresponse.md
  - docs/pkg/models/shared/embeddingobject.md
  - docs/pkg/models/shared/embedding.md
  - docs/pkg/models/shared/encodingformat.md
  - docs/pkg/models/shared/input.md
  - docs/pkg/models/shared/createembeddingrequest2.md
  - docs/pkg/models/shared/createembeddingrequestmodel.md
  - docs/pkg/models/shared/createembeddingrequest.md
  - docs/pkg/models/shared/openaifileobject.md
  - docs/pkg/models/shared/openaifilepurpose.md
  - docs/pkg/models/shared/openaifilestatus.md
  - docs/pkg/models/shared/openaifile.md
  - docs/pkg/models/shared/file.md
  - docs/pkg/models/shared/purpose.md
  - docs/pkg/models/shared/createfilerequest.md
  - docs/pkg/models/shared/deletefileresponseobject.md
  - docs/pkg/models/shared/deletefileresponse.md
  - docs/pkg/models/shared/listfilesresponseobject.md
  - docs/pkg/models/shared/listfilesresponse.md
  - docs/pkg/models/shared/error.md
  - docs/pkg/models/shared/finetuningjob1.md
  - docs/pkg/models/shared/finetuningjobnepochs.md
  - docs/pkg/models/shared/finetuningjobhyperparameters.md
  - docs/pkg/models/shared/finetuningjobobject.md
  - docs/pkg/models/shared/status.md
  - docs/pkg/models/shared/finetuningjob.md
  - docs/pkg/models/shared/createfinetuningjobrequest1.md
  - docs/pkg/models/shared/batchsize.md
  - docs/pkg/models/shared/createfinetuningjobrequestschemas1.md
  - docs/pkg/models/shared/learningratemultiplier.md
  - docs/pkg/models/shared/createfinetuningjobrequestschemashyperparameters1.md
  - docs/pkg/models/shared/nepochs.md
  - docs/pkg/models/shared/hyperparameters.md
  - docs/pkg/models/shared/createfinetuningjobrequest2.md
  - docs/pkg/models/shared/createfinetuningjobrequestmodel.md
  - docs/pkg/models/shared/createfinetuningjobrequest.md
  - docs/pkg/models/shared/listfinetuningjobeventsresponseobject.md
  - docs/pkg/models/shared/listfinetuningjobeventsresponse.md
  - docs/pkg/models/shared/level.md
  - docs/pkg/models/shared/finetuningjobeventobject.md
  - docs/pkg/models/shared/finetuningjobevent.md
  - docs/pkg/models/shared/listpaginatedfinetuningjobsresponseobject.md
  - docs/pkg/models/shared/listpaginatedfinetuningjobsresponse.md
  - docs/pkg/models/shared/imagesresponse.md
  - docs/pkg/models/shared/image.md
  - docs/pkg/models/shared/createimagerequest2.md
  - docs/pkg/models/shared/createimagerequestmodel.md
  - docs/pkg/models/shared/quality.md
  - docs/pkg/models/shared/createimagerequestresponseformat.md
  - docs/pkg/models/shared/createimagerequestsize.md
  - docs/pkg/models/shared/style.md
  - docs/pkg/models/shared/createimagerequest.md
  - docs/pkg/models/shared/createimageeditrequestimage.md
  - docs/pkg/models/shared/mask.md
  - docs/pkg/models/shared/createimageeditrequest2.md
  - docs/pkg/models/shared/createimageeditrequestmodel.md
  - docs/pkg/models/shared/createimageeditrequestresponseformat.md
  - docs/pkg/models/shared/size.md
  - docs/pkg/models/shared/createimageeditrequest.md
  - docs/pkg/models/shared/createimagevariationrequestimage.md
  - docs/pkg/models/shared/createimagevariationrequest2.md
  - docs/pkg/models/shared/createimagevariationrequestmodel.md
  - docs/pkg/models/shared/createimagevariationrequestresponseformat.md
  - docs/pkg/models/shared/createimagevariationrequestsize.md
  - docs/pkg/models/shared/createimagevariationrequest.md
  - docs/pkg/models/shared/deletemodelresponse.md
  - docs/pkg/models/shared/listmodelsresponseobject.md
  - docs/pkg/models/shared/listmodelsresponse.md
  - docs/pkg/models/shared/modelobject.md
  - docs/pkg/models/shared/model.md
  - docs/pkg/models/shared/categories.md
  - docs/pkg/models/shared/categoryscores.md
  - docs/pkg/models/shared/results.md
  - docs/pkg/models/shared/createmoderationresponse.md
  - docs/pkg/models/shared/createmoderationrequestinput.md
  - docs/pkg/models/shared/createmoderationrequest2.md
  - docs/pkg/models/shared/createmoderationrequestmodel.md
  - docs/pkg/models/shared/createmoderationrequest.md
  - docs/pkg/models/shared/security.md
  - docs/sdks/gpt/README.md
  - docs/sdks/assistants/README.md
  - docs/sdks/audio/README.md
  - docs/sdks/chat/README.md
  - docs/sdks/completions/README.md
  - docs/sdks/embeddings/README.md
  - docs/sdks/files/README.md
  - docs/sdks/finetuning/README.md
  - docs/sdks/images/README.md
  - docs/sdks/models/README.md
  - docs/sdks/moderations/README.md
  - USAGE.md
  - .gitattributes
  - internal/hooks/hooks.go
